
Microsoft Visual Studio Solution File, Format Version 12.00
# Visual Studio 15
VisualStudioVersion = 15.0.27004.2002
MinimumVisualStudioVersion = 10.0.40219.1
Project("{FAE04EC0-301F-11D3-BF4B-00C04F79EFBC}") = "tcpClient", "testTCP\tcpClient.csproj", "{BDF49468-2951-423B-9A17-BA618C95DA12}"
EndProject
Project("{FAE04EC0-301F-11D3-BF4B-00C04F79EFBC}") = "tcpServer", "tcpServer\tcpServer.csproj", "{C071931E-EDA6-49E5-9A63-9916927C3466}"
EndProject
Global
	GlobalSection(SolutionConfigurationPlatforms) = preSolution
		Debug|Any CPU = Debug|Any CPU
		Release|Any CPU = Release|Any CPU
	EndGlobalSection
	GlobalSection(ProjectConfigurationPlatforms) = postSolution
		{BDF49468-2951-423B-9A17-BA618C95DA12}.Debug|Any CPU.ActiveCfg = Debug|Any CPU
		{BDF49468-2951-423B-9A17-BA618C95DA12}.Debug|Any CPU.Build.0 = Debug|Any CPU
		{BDF49468-2951-423B-9A17-BA618C95DA12}.Release|Any CPU.ActiveCfg = Release|Any CPU
		{BDF49468-2951-423B-9A17-BA618C95DA12}.Release|Any CPU.Build.0 = Release|Any CPU
		{C071931E-EDA6-49E5-9A63-9916927C3466}.Debug|Any CPU.ActiveCfg = Debug|Any CPU
		{C071931E-EDA6-49E5-9A63-9916927C3466}.Debug|Any CPU.Build.0 = Debug|Any CPU
		{C071931E-EDA6-49E5-9A63-9916927C3466}.Release|Any CPU.ActiveCfg = Release|Any CPU
		{C071931E-EDA6-49E5-9A63-9916927C3466}.Release|Any CPU.Build.0 = Release|Any CPU
	EndGlobalSection
	GlobalSection(SolutionProperties) = preSolution
		HideSolutionNode = FALSE
	EndGlobalSection
	GlobalSection(ExtensibilityGlobals) = postSolution
		SolutionGuid = {60D1D619-20D3-40BC-AF57-1C9180A1A855}
	EndGlobalSection
EndGlobal
